
Microsoft Visual Studio Solution File, Format Version 12.00
# Visual Studio 14
VisualStudioVersion = 14.0.25420.1
MinimumVisualStudioVersion = 10.0.40219.1
Project("{FAE04EC0-301F-11D3-BF4B-00C04F79EFBC}") = "BirthdaysReminder.Droid", "BirthdaysReminder\BirthdaysReminder.Droid\BirthdaysReminder.Droid.csproj", "{853D8BC7-0375-4AC6-9CC0-DA1580B58BE6}"
EndProject
Project("{FAE04EC0-301F-11D3-BF4B-00C04F79EFBC}") = "BirthdaysReminder.iOS", "BirthdaysReminder\BirthdaysReminder.iOS\BirthdaysReminder.iOS.csproj", "{90924EF5-5E7B-430E-B395-F88BF89D9456}"
EndProject
Project("{FAE04EC0-301F-11D3-BF4B-00C04F79EFBC}") = "BirthdaysReminder.WinPhone", "BirthdaysReminder\BirthdaysReminder.WinPhone\BirthdaysReminder.WinPhone.csproj", "{9C9A4880-2650-4099-8C30-88A5531A9131}"
EndProject
Project("{FAE04EC0-301F-11D3-BF4B-00C04F79EFBC}") = "BirthdaysReminder.UWP", "BirthdaysReminder\BirthdaysReminder.UWP\BirthdaysReminder.UWP.csproj", "{41878DA6-FE85-4D3C-9E45-50D495FD6BF4}"
EndProject
Project("{FAE04EC0-301F-11D3-BF4B-00C04F79EFBC}") = "BirthdaysReminder.Windows", "BirthdaysReminder\BirthdaysReminder.Windows\BirthdaysReminder.Windows.csproj", "{9F162251-B3B3-4822-82B5-000F7F0E82BE}"
EndProject
Project("{FAE04EC0-301F-11D3-BF4B-00C04F79EFBC}") = "BirthdaysReminder", "BirthdaysReminder\BirthdaysReminder\BirthdaysReminder.csproj", "{88F83C85-505D-4F18-A6AE-695647678513}"
EndProject
Global
	GlobalSection(SolutionConfigurationPlatforms) = preSolution
		Ad-Hoc|Any CPU = Ad-Hoc|Any CPU
		Ad-Hoc|ARM = Ad-Hoc|ARM
		Ad-Hoc|iPhone = Ad-Hoc|iPhone
		Ad-Hoc|iPhoneSimulator = Ad-Hoc|iPhoneSimulator
		Ad-Hoc|x64 = Ad-Hoc|x64
		Ad-Hoc|x86 = Ad-Hoc|x86
		AppStore|Any CPU = AppStore|Any CPU
		AppStore|ARM = AppStore|ARM
		AppStore|iPhone = AppStore|iPhone
		AppStore|iPhoneSimulator = AppStore|iPhoneSimulator
		AppStore|x64 = AppStore|x64
		AppStore|x86 = AppStore|x86
		Debug|Any CPU = Debug|Any CPU
		Debug|ARM = Debug|ARM
		Debug|iPhone = Debug|iPhone
		Debug|iPhoneSimulator = Debug|iPhoneSimulator
		Debug|x64 = Debug|x64
		Debug|x86 = Debug|x86
		Release|Any CPU = Release|Any CPU
		Release|ARM = Release|ARM
		Release|iPhone = Release|iPhone
		Release|iPhoneSimulator = Release|iPhoneSimulator
		Release|x64 = Release|x64
		Release|x86 = Release|x86
	EndGlobalSection
	GlobalSection(ProjectConfigurationPlatforms) = postSolution
		{853D8BC7-0375-4AC6-9CC0-DA1580B58BE6}.Ad-Hoc|Any CPU.ActiveCfg = Release|Any CPU
		{853D8BC7-0375-4AC6-9CC0-DA1580B58BE6}.Ad-Hoc|Any CPU.Build.0 = Release|Any CPU
		{853D8BC7-0375-4AC6-9CC0-DA1580B58BE6}.Ad-Hoc|Any CPU.Deploy.0 = Release|Any CPU
		{853D8BC7-0375-4AC6-9CC0-DA1580B58BE6}.Ad-Hoc|ARM.ActiveCfg = Release|Any CPU
		{853D8BC7-0375-4AC6-9CC0-DA1580B58BE6}.Ad-Hoc|ARM.Build.0 = Release|Any CPU
		{853D8BC7-0375-4AC6-9CC0-DA1580B58BE6}.Ad-Hoc|ARM.Deploy.0 = Release|Any CPU
		{853D8BC7-0375-4AC6-9CC0-DA1580B58BE6}.Ad-Hoc|iPhone.ActiveCfg = Release|Any CPU
		{853D8BC7-0375-4AC6-9CC0-DA1580B58BE6}.Ad-Hoc|iPhone.Build.0 = Release|Any CPU
		{853D8BC7-0375-4AC6-9CC0-DA1580B58BE6}.Ad-Hoc|iPhone.Deploy.0 = Release|Any CPU
		{853D8BC7-0375-4AC6-9CC0-DA1580B58BE6}.Ad-Hoc|iPhoneSimulator.ActiveCfg = Release|Any CPU
		{853D8BC7-0375-4AC6-9CC0-DA1580B58BE6}.Ad-Hoc|iPhoneSimulator.Build.0 = Release|Any CPU
		{853D8BC7-0375-4AC6-9CC0-DA1580B58BE6}.Ad-Hoc|iPhoneSimulator.Deploy.0 = Release|Any CPU
		{853D8BC7-0375-4AC6-9CC0-DA1580B58BE6}.Ad-Hoc|x64.ActiveCfg = Release|Any CPU
		{853D8BC7-0375-4AC6-9CC0-DA1580B58BE6}.Ad-Hoc|x64.Build.0 = Release|Any CPU
		{853D8BC7-0375-4AC6-9CC0-DA1580B58BE6}.Ad-Hoc|x64.Deploy.0 = Release|Any CPU
		{853D8BC7-0375-4AC6-9CC0-DA1580B58BE6}.Ad-Hoc|x86.ActiveCfg = Release|Any CPU
		{853D8BC7-0375-4AC6-9CC0-DA1580B58BE6}.Ad-Hoc|x86.Build.0 = Release|Any CPU
		{853D8BC7-0375-4AC6-9CC0-DA1580B58BE6}.Ad-Hoc|x86.Deploy.0 = Release|Any CPU
		{853D8BC7-0375-4AC6-9CC0-DA1580B58BE6}.AppStore|Any CPU.ActiveCfg = Release|Any CPU
		{853D8BC7-0375-4AC6-9CC0-DA1580B58BE6}.AppStore|Any CPU.Build.0 = Release|Any CPU
		{853D8BC7-0375-4AC6-9CC0-DA1580B58BE6}.AppStore|Any CPU.Deploy.0 = Release|Any CPU
		{853D8BC7-0375-4AC6-9CC0-DA1580B58BE6}.AppStore|ARM.ActiveCfg = Release|Any CPU
		{853D8BC7-0375-4AC6-9CC0-DA1580B58BE6}.AppStore|ARM.Build.0 = Release|Any CPU
		{853D8BC7-0375-4AC6-9CC0-DA1580B58BE6}.AppStore|ARM.Deploy.0 = Release|Any CPU
		{853D8BC7-0375-4AC6-9CC0-DA1580B58BE6}.AppStore|iPhone.ActiveCfg = Release|Any CPU
		{853D8BC7-0375-4AC6-9CC0-DA1580B58BE6}.AppStore|iPhone.Build.0 = Release|Any CPU
		{853D8BC7-0375-4AC6-9CC0-DA1580B58BE6}.AppStore|iPhone.Deploy.0 = Release|Any CPU
		{853D8BC7-0375-4AC6-9CC0-DA1580B58BE6}.AppStore|iPhoneSimulator.ActiveCfg = Release|Any CPU
		{853D8BC7-0375-4AC6-9CC0-DA1580B58BE6}.AppStore|iPhoneSimulator.Build.0 = Release|Any CPU
		{853D8BC7-0375-4AC6-9CC0-DA1580B58BE6}.AppStore|iPhoneSimulator.Deploy.0 = Release|Any CPU
		{853D8BC7-0375-4AC6-9CC0-DA1580B58BE6}.AppStore|x64.ActiveCfg = Release|Any CPU
		{853D8BC7-0375-4AC6-9CC0-DA1580B58BE6}.AppStore|x64.Build.0 = Release|Any CPU
		{853D8BC7-0375-4AC6-9CC0-DA1580B58BE6}.AppStore|x64.Deploy.0 = Release|Any CPU
		{853D8BC7-0375-4AC6-9CC0-DA1580B58BE6}.AppStore|x86.ActiveCfg = Release|Any CPU
		{853D8BC7-0375-4AC6-9CC0-DA1580B58BE6}.AppStore|x86.Build.0 = Release|Any CPU
		{853D8BC7-0375-4AC6-9CC0-DA1580B58BE6}.AppStore|x86.Deploy.0 = Release|Any CPU
		{853D8BC7-0375-4AC6-9CC0-DA1580B58BE6}.Debug|Any CPU.ActiveCfg = Debug|Any CPU
		{853D8BC7-0375-4AC6-9CC0-DA1580B58BE6}.Debug|Any CPU.Build.0 = Debug|Any CPU
		{853D8BC7-0375-4AC6-9CC0-DA1580B58BE6}.Debug|Any CPU.Deploy.0 = Debug|Any CPU
		{853D8BC7-0375-4AC6-9CC0-DA1580B58BE6}.Debug|ARM.ActiveCfg = Debug|Any CPU
		{853D8BC7-0375-4AC6-9CC0-DA1580B58BE6}.Debug|ARM.Build.0 = Debug|Any CPU
		{853D8BC7-0375-4AC6-9CC0-DA1580B58BE6}.Debug|ARM.Deploy.0 = Debug|Any CPU
		{853D8BC7-0375-4AC6-9CC0-DA1580B58BE6}.Debug|iPhone.ActiveCfg = Debug|Any CPU
		{853D8BC7-0375-4AC6-9CC0-DA1580B58BE6}.Debug|iPhone.Build.0 = Debug|Any CPU
		{853D8BC7-0375-4AC6-9CC0-DA1580B58BE6}.Debug|iPhone.Deploy.0 = Debug|Any CPU
		{853D8BC7-0375-4AC6-9CC0-DA1580B58BE6}.Debug|iPhoneSimulator.ActiveCfg = Debug|Any CPU
		{853D8BC7-0375-4AC6-9CC0-DA1580B58BE6}.Debug|iPhoneSimulator.Build.0 = Debug|Any CPU
		{853D8BC7-0375-4AC6-9CC0-DA1580B58BE6}.Debug|iPhoneSimulator.Deploy.0 = Debug|Any CPU
		{853D8BC7-0375-4AC6-9CC0-DA1580B58BE6}.Debug|x64.ActiveCfg = Debug|Any CPU
		{853D8BC7-0375-4AC6-9CC0-DA1580B58BE6}.Debug|x64.Build.0 = Debug|Any CPU
		{853D8BC7-0375-4AC6-9CC0-DA1580B58BE6}.Debug|x64.Deploy.0 = Debug|Any CPU
		{853D8BC7-0375-4AC6-9CC0-DA1580B58BE6}.Debug|x86.ActiveCfg = Debug|Any CPU
		{853D8BC7-0375-4AC6-9CC0-DA1580B58BE6}.Debug|x86.Build.0 = Debug|Any CPU
		{853D8BC7-0375-4AC6-9CC0-DA1580B58BE6}.Debug|x86.Deploy.0 = Debug|Any CPU
		{853D8BC7-0375-4AC6-9CC0-DA1580B58BE6}.Release|Any CPU.ActiveCfg = Release|Any CPU
		{853D8BC7-0375-4AC6-9CC0-DA1580B58BE6}.Release|Any CPU.Build.0 = Release|Any CPU
		{853D8BC7-0375-4AC6-9CC0-DA1580B58BE6}.Release|Any CPU.Deploy.0 = Release|Any CPU
		{853D8BC7-0375-4AC6-9CC0-DA1580B58BE6}.Release|ARM.ActiveCfg = Release|Any CPU
		{853D8BC7-0375-4AC6-9CC0-DA1580B58BE6}.Release|ARM.Build.0 = Release|Any CPU
		{853D8BC7-0375-4AC6-9CC0-DA1580B58BE6}.Release|ARM.Deploy.0 = Release|Any CPU
		{853D8BC7-0375-4AC6-9CC0-DA1580B58BE6}.Release|iPhone.ActiveCfg = Release|Any CPU
		{853D8BC7-0375-4AC6-9CC0-DA1580B58BE6}.Release|iPhone.Build.0 = Release|Any CPU
		{853D8BC7-0375-4AC6-9CC0-DA1580B58BE6}.Release|iPhone.Deploy.0 = Release|Any CPU
		{853D8BC7-0375-4AC6-9CC0-DA1580B58BE6}.Release|iPhoneSimulator.ActiveCfg = Release|Any CPU
		{853D8BC7-0375-4AC6-9CC0-DA1580B58BE6}.Release|iPhoneSimulator.Build.0 = Release|Any CPU
		{853D8BC7-0375-4AC6-9CC0-DA1580B58BE6}.Release|iPhoneSimulator.Deploy.0 = Release|Any CPU
		{853D8BC7-0375-4AC6-9CC0-DA1580B58BE6}.Release|x64.ActiveCfg = Release|Any CPU
		{853D8BC7-0375-4AC6-9CC0-DA1580B58BE6}.Release|x64.Build.0 = Release|Any CPU
		{853D8BC7-0375-4AC6-9CC0-DA1580B58BE6}.Release|x64.Deploy.0 = Release|Any CPU
		{853D8BC7-0375-4AC6-9CC0-DA1580B58BE6}.Release|x86.ActiveCfg = Release|Any CPU
		{853D8BC7-0375-4AC6-9CC0-DA1580B58BE6}.Release|x86.Build.0 = Release|Any CPU
		{853D8BC7-0375-4AC6-9CC0-DA1580B58BE6}.Release|x86.Deploy.0 = Release|Any CPU
		{90924EF5-5E7B-430E-B395-F88BF89D9456}.Ad-Hoc|Any CPU.ActiveCfg = Ad-Hoc|iPhone
		{90924EF5-5E7B-430E-B395-F88BF89D9456}.Ad-Hoc|ARM.ActiveCfg = Ad-Hoc|iPhone
		{90924EF5-5E7B-430E-B395-F88BF89D9456}.Ad-Hoc|iPhone.ActiveCfg = Ad-Hoc|iPhone
		{90924EF5-5E7B-430E-B395-F88BF89D9456}.Ad-Hoc|iPhone.Build.0 = Ad-Hoc|iPhone
		{90924EF5-5E7B-430E-B395-F88BF89D9456}.Ad-Hoc|iPhoneSimulator.ActiveCfg = Ad-Hoc|iPhoneSimulator
		{90924EF5-5E7B-430E-B395-F88BF89D9456}.Ad-Hoc|iPhoneSimulator.Build.0 = Ad-Hoc|iPhoneSimulator
		{90924EF5-5E7B-430E-B395-F88BF89D9456}.Ad-Hoc|x64.ActiveCfg = Ad-Hoc|iPhone
		{90924EF5-5E7B-430E-B395-F88BF89D9456}.Ad-Hoc|x86.ActiveCfg = Ad-Hoc|iPhone
		{90924EF5-5E7B-430E-B395-F88BF89D9456}.AppStore|Any CPU.ActiveCfg = AppStore|iPhone
		{90924EF5-5E7B-430E-B395-F88BF89D9456}.AppStore|ARM.ActiveCfg = AppStore|iPhone
		{90924EF5-5E7B-430E-B395-F88BF89D9456}.AppStore|iPhone.ActiveCfg = AppStore|iPhone
		{90924EF5-5E7B-430E-B395-F88BF89D9456}.AppStore|iPhone.Build.0 = AppStore|iPhone
		{90924EF5-5E7B-430E-B395-F88BF89D9456}.AppStore|iPhoneSimulator.ActiveCfg = AppStore|iPhoneSimulator
		{90924EF5-5E7B-430E-B395-F88BF89D9456}.AppStore|iPhoneSimulator.Build.0 = AppStore|iPhoneSimulator
		{90924EF5-5E7B-430E-B395-F88BF89D9456}.AppStore|x64.ActiveCfg = AppStore|iPhone
		{90924EF5-5E7B-430E-B395-F88BF89D9456}.AppStore|x86.ActiveCfg = AppStore|iPhone
		{90924EF5-5E7B-430E-B395-F88BF89D9456}.Debug|Any CPU.ActiveCfg = Debug|iPhone
		{90924EF5-5E7B-430E-B395-F88BF89D9456}.Debug|ARM.ActiveCfg = Debug|iPhone
		{90924EF5-5E7B-430E-B395-F88BF89D9456}.Debug|iPhone.ActiveCfg = Debug|iPhone
		{90924EF5-5E7B-430E-B395-F88BF89D9456}.Debug|iPhone.Build.0 = Debug|iPhone
		{90924EF5-5E7B-430E-B395-F88BF89D9456}.Debug|iPhoneSimulator.ActiveCfg = Debug|iPhoneSimulator
		{90924EF5-5E7B-430E-B395-F88BF89D9456}.Debug|iPhoneSimulator.Build.0 = Debug|iPhoneSimulator
		{90924EF5-5E7B-430E-B395-F88BF89D9456}.Debug|x64.ActiveCfg = Debug|iPhone
		{90924EF5-5E7B-430E-B395-F88BF89D9456}.Debug|x86.ActiveCfg = Debug|iPhone
		{90924EF5-5E7B-430E-B395-F88BF89D9456}.Release|Any CPU.ActiveCfg = Release|iPhone
		{90924EF5-5E7B-430E-B395-F88BF89D9456}.Release|ARM.ActiveCfg = Release|iPhone
		{90924EF5-5E7B-430E-B395-F88BF89D9456}.Release|iPhone.ActiveCfg = Release|iPhone
		{90924EF5-5E7B-430E-B395-F88BF89D9456}.Release|iPhone.Build.0 = Release|iPhone
		{90924EF5-5E7B-430E-B395-F88BF89D9456}.Release|iPhoneSimulator.ActiveCfg = Release|iPhoneSimulator
		{90924EF5-5E7B-430E-B395-F88BF89D9456}.Release|iPhoneSimulator.Build.0 = Release|iPhoneSimulator
		{90924EF5-5E7B-430E-B395-F88BF89D9456}.Release|x64.ActiveCfg = Release|iPhone
		{90924EF5-5E7B-430E-B395-F88BF89D9456}.Release|x86.ActiveCfg = Release|iPhone
		{9C9A4880-2650-4099-8C30-88A5531A9131}.Ad-Hoc|Any CPU.ActiveCfg = Release|Any CPU
		{9C9A4880-2650-4099-8C30-88A5531A9131}.Ad-Hoc|Any CPU.Build.0 = Release|Any CPU
		{9C9A4880-2650-4099-8C30-88A5531A9131}.Ad-Hoc|Any CPU.Deploy.0 = Release|Any CPU
		{9C9A4880-2650-4099-8C30-88A5531A9131}.Ad-Hoc|ARM.ActiveCfg = Release|ARM
		{9C9A4880-2650-4099-8C30-88A5531A9131}.Ad-Hoc|ARM.Build.0 = Release|ARM
		{9C9A4880-2650-4099-8C30-88A5531A9131}.Ad-Hoc|ARM.Deploy.0 = Release|ARM
		{9C9A4880-2650-4099-8C30-88A5531A9131}.Ad-Hoc|iPhone.ActiveCfg = Release|Any CPU
		{9C9A4880-2650-4099-8C30-88A5531A9131}.Ad-Hoc|iPhone.Build.0 = Release|Any CPU
		{9C9A4880-2650-4099-8C30-88A5531A9131}.Ad-Hoc|iPhone.Deploy.0 = Release|Any CPU
		{9C9A4880-2650-4099-8C30-88A5531A9131}.Ad-Hoc|iPhoneSimulator.ActiveCfg = Release|Any CPU
		{9C9A4880-2650-4099-8C30-88A5531A9131}.Ad-Hoc|iPhoneSimulator.Build.0 = Release|Any CPU
		{9C9A4880-2650-4099-8C30-88A5531A9131}.Ad-Hoc|iPhoneSimulator.Deploy.0 = Release|Any CPU
		{9C9A4880-2650-4099-8C30-88A5531A9131}.Ad-Hoc|x64.ActiveCfg = Release|Any CPU
		{9C9A4880-2650-4099-8C30-88A5531A9131}.Ad-Hoc|x64.Build.0 = Release|Any CPU
		{9C9A4880-2650-4099-8C30-88A5531A9131}.Ad-Hoc|x64.Deploy.0 = Release|Any CPU
		{9C9A4880-2650-4099-8C30-88A5531A9131}.Ad-Hoc|x86.ActiveCfg = Release|x86
		{9C9A4880-2650-4099-8C30-88A5531A9131}.Ad-Hoc|x86.Build.0 = Release|x86
		{9C9A4880-2650-4099-8C30-88A5531A9131}.Ad-Hoc|x86.Deploy.0 = Release|x86
		{9C9A4880-2650-4099-8C30-88A5531A9131}.AppStore|Any CPU.ActiveCfg = Release|Any CPU
		{9C9A4880-2650-4099-8C30-88A5531A9131}.AppStore|Any CPU.Build.0 = Release|Any CPU
		{9C9A4880-2650-4099-8C30-88A5531A9131}.AppStore|Any CPU.Deploy.0 = Release|Any CPU
		{9C9A4880-2650-4099-8C30-88A5531A9131}.AppStore|ARM.ActiveCfg = Release|ARM
		{9C9A4880-2650-4099-8C30-88A5531A9131}.AppStore|ARM.Build.0 = Release|ARM
		{9C9A4880-2650-4099-8C30-88A5531A9131}.AppStore|ARM.Deploy.0 = Release|ARM
		{9C9A4880-2650-4099-8C30-88A5531A9131}.AppStore|iPhone.ActiveCfg = Release|Any CPU
		{9C9A4880-2650-4099-8C30-88A5531A9131}.AppStore|iPhone.Build.0 = Release|Any CPU
		{9C9A4880-2650-4099-8C30-88A5531A9131}.AppStore|iPhone.Deploy.0 = Release|Any CPU
		{9C9A4880-2650-4099-8C30-88A5531A9131}.AppStore|iPhoneSimulator.ActiveCfg = Release|Any CPU
		{9C9A4880-2650-4099-8C30-88A5531A9131}.AppStore|iPhoneSimulator.Build.0 = Release|Any CPU
		{9C9A4880-2650-4099-8C30-88A5531A9131}.AppStore|iPhoneSimulator.Deploy.0 = Release|Any CPU
		{9C9A4880-2650-4099-8C30-88A5531A9131}.AppStore|x64.ActiveCfg = Release|Any CPU
		{9C9A4880-2650-4099-8C30-88A5531A9131}.AppStore|x64.Build.0 = Release|Any CPU
		{9C9A4880-2650-4099-8C30-88A5531A9131}.AppStore|x64.Deploy.0 = Release|Any CPU
		{9C9A4880-2650-4099-8C30-88A5531A9131}.AppStore|x86.ActiveCfg = Release|x86
		{9C9A4880-2650-4099-8C30-88A5531A9131}.AppStore|x86.Build.0 = Release|x86
		{9C9A4880-2650-4099-8C30-88A5531A9131}.AppStore|x86.Deploy.0 = Release|x86
		{9C9A4880-2650-4099-8C30-88A5531A9131}.Debug|Any CPU.ActiveCfg = Debug|Any CPU
		{9C9A4880-2650-4099-8C30-88A5531A9131}.Debug|Any CPU.Build.0 = Debug|Any CPU
		{9C9A4880-2650-4099-8C30-88A5531A9131}.Debug|Any CPU.Deploy.0 = Debug|Any CPU
		{9C9A4880-2650-4099-8C30-88A5531A9131}.Debug|ARM.ActiveCfg = Debug|ARM
		{9C9A4880-2650-4099-8C30-88A5531A9131}.Debug|ARM.Build.0 = Debug|ARM
		{9C9A4880-2650-4099-8C30-88A5531A9131}.Debug|ARM.Deploy.0 = Debug|ARM
		{9C9A4880-2650-4099-8C30-88A5531A9131}.Debug|iPhone.ActiveCfg = Debug|Any CPU
		{9C9A4880-2650-4099-8C30-88A5531A9131}.Debug|iPhone.Build.0 = Debug|Any CPU
		{9C9A4880-2650-4099-8C30-88A5531A9131}.Debug|iPhone.Deploy.0 = Debug|Any CPU
		{9C9A4880-2650-4099-8C30-88A5531A9131}.Debug|iPhoneSimulator.ActiveCfg = Debug|Any CPU
		{9C9A4880-2650-4099-8C30-88A5531A9131}.Debug|iPhoneSimulator.Build.0 = Debug|Any CPU
		{9C9A4880-2650-4099-8C30-88A5531A9131}.Debug|iPhoneSimulator.Deploy.0 = Debug|Any CPU
		{9C9A4880-2650-4099-8C30-88A5531A9131}.Debug|x64.ActiveCfg = Debug|Any CPU
		{9C9A4880-2650-4099-8C30-88A5531A9131}.Debug|x64.Build.0 = Debug|Any CPU
		{9C9A4880-2650-4099-8C30-88A5531A9131}.Debug|x64.Deploy.0 = Debug|Any CPU
		{9C9A4880-2650-4099-8C30-88A5531A9131}.Debug|x86.ActiveCfg = Debug|x86
		{9C9A4880-2650-4099-8C30-88A5531A9131}.Debug|x86.Build.0 = Debug|x86
		{9C9A4880-2650-4099-8C30-88A5531A9131}.Debug|x86.Deploy.0 = Debug|x86
		{9C9A4880-2650-4099-8C30-88A5531A9131}.Release|Any CPU.ActiveCfg = Release|Any CPU
		{9C9A4880-2650-4099-8C30-88A5531A9131}.Release|Any CPU.Build.0 = Release|Any CPU
		{9C9A4880-2650-4099-8C30-88A5531A9131}.Release|Any CPU.Deploy.0 = Release|Any CPU
		{9C9A4880-2650-4099-8C30-88A5531A9131}.Release|ARM.ActiveCfg = Release|ARM
		{9C9A4880-2650-4099-8C30-88A5531A9131}.Release|ARM.Build.0 = Release|ARM
		{9C9A4880-2650-4099-8C30-88A5531A9131}.Release|ARM.Deploy.0 = Release|ARM
		{9C9A4880-2650-4099-8C30-88A5531A9131}.Release|iPhone.ActiveCfg = Release|Any CPU
		{9C9A4880-2650-4099-8C30-88A5531A9131}.Release|iPhone.Build.0 = Release|Any CPU
		{9C9A4880-2650-4099-8C30-88A5531A9131}.Release|iPhone.Deploy.0 = Release|Any CPU
		{9C9A4880-2650-4099-8C30-88A5531A9131}.Release|iPhoneSimulator.ActiveCfg = Release|Any CPU
		{9C9A4880-2650-4099-8C30-88A5531A9131}.Release|iPhoneSimulator.Build.0 = Release|Any CPU
		{9C9A4880-2650-4099-8C30-88A5531A9131}.Release|iPhoneSimulator.Deploy.0 = Release|Any CPU
		{9C9A4880-2650-4099-8C30-88A5531A9131}.Release|x64.ActiveCfg = Release|Any CPU
		{9C9A4880-2650-4099-8C30-88A5531A9131}.Release|x64.Build.0 = Release|Any CPU
		{9C9A4880-2650-4099-8C30-88A5531A9131}.Release|x64.Deploy.0 = Release|Any CPU
		{9C9A4880-2650-4099-8C30-88A5531A9131}.Release|x86.ActiveCfg = Release|x86
		{9C9A4880-2650-4099-8C30-88A5531A9131}.Release|x86.Build.0 = Release|x86
		{9C9A4880-2650-4099-8C30-88A5531A9131}.Release|x86.Deploy.0 = Release|x86
		{41878DA6-FE85-4D3C-9E45-50D495FD6BF4}.Ad-Hoc|Any CPU.ActiveCfg = Release|x86
		{41878DA6-FE85-4D3C-9E45-50D495FD6BF4}.Ad-Hoc|Any CPU.Build.0 = Release|x86
		{41878DA6-FE85-4D3C-9E45-50D495FD6BF4}.Ad-Hoc|Any CPU.Deploy.0 = Release|x86
		{41878DA6-FE85-4D3C-9E45-50D495FD6BF4}.Ad-Hoc|ARM.ActiveCfg = Release|ARM
		{41878DA6-FE85-4D3C-9E45-50D495FD6BF4}.Ad-Hoc|ARM.Build.0 = Release|ARM
		{41878DA6-FE85-4D3C-9E45-50D495FD6BF4}.Ad-Hoc|ARM.Deploy.0 = Release|ARM
		{41878DA6-FE85-4D3C-9E45-50D495FD6BF4}.Ad-Hoc|iPhone.ActiveCfg = Release|x86
		{41878DA6-FE85-4D3C-9E45-50D495FD6BF4}.Ad-Hoc|iPhone.Build.0 = Release|x86
		{41878DA6-FE85-4D3C-9E45-50D495FD6BF4}.Ad-Hoc|iPhone.Deploy.0 = Release|x86
		{41878DA6-FE85-4D3C-9E45-50D495FD6BF4}.Ad-Hoc|iPhoneSimulator.ActiveCfg = Release|x86
		{41878DA6-FE85-4D3C-9E45-50D495FD6BF4}.Ad-Hoc|iPhoneSimulator.Build.0 = Release|x86
		{41878DA6-FE85-4D3C-9E45-50D495FD6BF4}.Ad-Hoc|iPhoneSimulator.Deploy.0 = Release|x86
		{41878DA6-FE85-4D3C-9E45-50D495FD6BF4}.Ad-Hoc|x64.ActiveCfg = Release|x64
		{41878DA6-FE85-4D3C-9E45-50D495FD6BF4}.Ad-Hoc|x64.Build.0 = Release|x64
		{41878DA6-FE85-4D3C-9E45-50D495FD6BF4}.Ad-Hoc|x64.Deploy.0 = Release|x64
		{41878DA6-FE85-4D3C-9E45-50D495FD6BF4}.Ad-Hoc|x86.ActiveCfg = Release|x86
		{41878DA6-FE85-4D3C-9E45-50D495FD6BF4}.Ad-Hoc|x86.Build.0 = Release|x86
		{41878DA6-FE85-4D3C-9E45-50D495FD6BF4}.Ad-Hoc|x86.Deploy.0 = Release|x86
		{41878DA6-FE85-4D3C-9E45-50D495FD6BF4}.AppStore|Any CPU.ActiveCfg = Release|x86
		{41878DA6-FE85-4D3C-9E45-50D495FD6BF4}.AppStore|Any CPU.Build.0 = Release|x86
		{41878DA6-FE85-4D3C-9E45-50D495FD6BF4}.AppStore|Any CPU.Deploy.0 = Release|x86
		{41878DA6-FE85-4D3C-9E45-50D495FD6BF4}.AppStore|ARM.ActiveCfg = Release|ARM
		{41878DA6-FE85-4D3C-9E45-50D495FD6BF4}.AppStore|ARM.Build.0 = Release|ARM
		{41878DA6-FE85-4D3C-9E45-50D495FD6BF4}.AppStore|ARM.Deploy.0 = Release|ARM
		{41878DA6-FE85-4D3C-9E45-50D495FD6BF4}.AppStore|iPhone.ActiveCfg = Release|x86
		{41878DA6-FE85-4D3C-9E45-50D495FD6BF4}.AppStore|iPhone.Build.0 = Release|x86
		{41878DA6-FE85-4D3C-9E45-50D495FD6BF4}.AppStore|iPhone.Deploy.0 = Release|x86
		{41878DA6-FE85-4D3C-9E45-50D495FD6BF4}.AppStore|iPhoneSimulator.ActiveCfg = Release|x86
		{41878DA6-FE85-4D3C-9E45-50D495FD6BF4}.AppStore|iPhoneSimulator.Build.0 = Release|x86
		{41878DA6-FE85-4D3C-9E45-50D495FD6BF4}.AppStore|iPhoneSimulator.Deploy.0 = Release|x86
		{41878DA6-FE85-4D3C-9E45-50D495FD6BF4}.AppStore|x64.ActiveCfg = Release|x64
		{41878DA6-FE85-4D3C-9E45-50D495FD6BF4}.AppStore|x64.Build.0 = Release|x64
		{41878DA6-FE85-4D3C-9E45-50D495FD6BF4}.AppStore|x64.Deploy.0 = Release|x64
		{41878DA6-FE85-4D3C-9E45-50D495FD6BF4}.AppStore|x86.ActiveCfg = Release|x86
		{41878DA6-FE85-4D3C-9E45-50D495FD6BF4}.AppStore|x86.Build.0 = Release|x86
		{41878DA6-FE85-4D3C-9E45-50D495FD6BF4}.AppStore|x86.Deploy.0 = Release|x86
		{41878DA6-FE85-4D3C-9E45-50D495FD6BF4}.Debug|Any CPU.ActiveCfg = Debug|x86
		{41878DA6-FE85-4D3C-9E45-50D495FD6BF4}.Debug|ARM.ActiveCfg = Debug|ARM
		{41878DA6-FE85-4D3C-9E45-50D495FD6BF4}.Debug|ARM.Build.0 = Debug|ARM
		{41878DA6-FE85-4D3C-9E45-50D495FD6BF4}.Debug|ARM.Deploy.0 = Debug|ARM
		{41878DA6-FE85-4D3C-9E45-50D495FD6BF4}.Debug|iPhone.ActiveCfg = Debug|x86
		{41878DA6-FE85-4D3C-9E45-50D495FD6BF4}.Debug|iPhoneSimulator.ActiveCfg = Debug|x86
		{41878DA6-FE85-4D3C-9E45-50D495FD6BF4}.Debug|x64.ActiveCfg = Debug|x64
		{41878DA6-FE85-4D3C-9E45-50D495FD6BF4}.Debug|x64.Build.0 = Debug|x64
		{41878DA6-FE85-4D3C-9E45-50D495FD6BF4}.Debug|x64.Deploy.0 = Debug|x64
		{41878DA6-FE85-4D3C-9E45-50D495FD6BF4}.Debug|x86.ActiveCfg = Debug|x86
		{41878DA6-FE85-4D3C-9E45-50D495FD6BF4}.Debug|x86.Build.0 = Debug|x86
		{41878DA6-FE85-4D3C-9E45-50D495FD6BF4}.Debug|x86.Deploy.0 = Debug|x86
		{41878DA6-FE85-4D3C-9E45-50D495FD6BF4}.Release|Any CPU.ActiveCfg = Release|x86
		{41878DA6-FE85-4D3C-9E45-50D495FD6BF4}.Release|ARM.ActiveCfg = Release|ARM
		{41878DA6-FE85-4D3C-9E45-50D495FD6BF4}.Release|ARM.Build.0 = Release|ARM
		{41878DA6-FE85-4D3C-9E45-50D495FD6BF4}.Release|ARM.Deploy.0 = Release|ARM
		{41878DA6-FE85-4D3C-9E45-50D495FD6BF4}.Release|iPhone.ActiveCfg = Release|x86
		{41878DA6-FE85-4D3C-9E45-50D495FD6BF4}.Release|iPhoneSimulator.ActiveCfg = Release|x86
		{41878DA6-FE85-4D3C-9E45-50D495FD6BF4}.Release|x64.ActiveCfg = Release|x64
		{41878DA6-FE85-4D3C-9E45-50D495FD6BF4}.Release|x64.Build.0 = Release|x64
		{41878DA6-FE85-4D3C-9E45-50D495FD6BF4}.Release|x64.Deploy.0 = Release|x64
		{41878DA6-FE85-4D3C-9E45-50D495FD6BF4}.Release|x86.ActiveCfg = Release|x86
		{41878DA6-FE85-4D3C-9E45-50D495FD6BF4}.Release|x86.Build.0 = Release|x86
		{41878DA6-FE85-4D3C-9E45-50D495FD6BF4}.Release|x86.Deploy.0 = Release|x86
		{9F162251-B3B3-4822-82B5-000F7F0E82BE}.Ad-Hoc|Any CPU.ActiveCfg = Release|Any CPU
		{9F162251-B3B3-4822-82B5-000F7F0E82BE}.Ad-Hoc|Any CPU.Build.0 = Release|Any CPU
		{9F162251-B3B3-4822-82B5-000F7F0E82BE}.Ad-Hoc|Any CPU.Deploy.0 = Release|Any CPU
		{9F162251-B3B3-4822-82B5-000F7F0E82BE}.Ad-Hoc|ARM.ActiveCfg = Release|ARM
		{9F162251-B3B3-4822-82B5-000F7F0E82BE}.Ad-Hoc|ARM.Build.0 = Release|ARM
		{9F162251-B3B3-4822-82B5-000F7F0E82BE}.Ad-Hoc|ARM.Deploy.0 = Release|ARM
		{9F162251-B3B3-4822-82B5-000F7F0E82BE}.Ad-Hoc|iPhone.ActiveCfg = Release|Any CPU
		{9F162251-B3B3-4822-82B5-000F7F0E82BE}.Ad-Hoc|iPhone.Build.0 = Release|Any CPU
		{9F162251-B3B3-4822-82B5-000F7F0E82BE}.Ad-Hoc|iPhone.Deploy.0 = Release|Any CPU
		{9F162251-B3B3-4822-82B5-000F7F0E82BE}.Ad-Hoc|iPhoneSimulator.ActiveCfg = Release|Any CPU
		{9F162251-B3B3-4822-82B5-000F7F0E82BE}.Ad-Hoc|iPhoneSimulator.Build.0 = Release|Any CPU
		{9F162251-B3B3-4822-82B5-000F7F0E82BE}.Ad-Hoc|iPhoneSimulator.Deploy.0 = Release|Any CPU
		{9F162251-B3B3-4822-82B5-000F7F0E82BE}.Ad-Hoc|x64.ActiveCfg = Release|x64
		{9F162251-B3B3-4822-82B5-000F7F0E82BE}.Ad-Hoc|x64.Build.0 = Release|x64
		{9F162251-B3B3-4822-82B5-000F7F0E82BE}.Ad-Hoc|x64.Deploy.0 = Release|x64
		{9F162251-B3B3-4822-82B5-000F7F0E82BE}.Ad-Hoc|x86.ActiveCfg = Release|x86
		{9F162251-B3B3-4822-82B5-000F7F0E82BE}.Ad-Hoc|x86.Build.0 = Release|x86
		{9F162251-B3B3-4822-82B5-000F7F0E82BE}.Ad-Hoc|x86.Deploy.0 = Release|x86
		{9F162251-B3B3-4822-82B5-000F7F0E82BE}.AppStore|Any CPU.ActiveCfg = Release|Any CPU
		{9F162251-B3B3-4822-82B5-000F7F0E82BE}.AppStore|Any CPU.Build.0 = Release|Any CPU
		{9F162251-B3B3-4822-82B5-000F7F0E82BE}.AppStore|Any CPU.Deploy.0 = Release|Any CPU
		{9F162251-B3B3-4822-82B5-000F7F0E82BE}.AppStore|ARM.ActiveCfg = Release|ARM
		{9F162251-B3B3-4822-82B5-000F7F0E82BE}.AppStore|ARM.Build.0 = Release|ARM
		{9F162251-B3B3-4822-82B5-000F7F0E82BE}.AppStore|ARM.Deploy.0 = Release|ARM
		{9F162251-B3B3-4822-82B5-000F7F0E82BE}.AppStore|iPhone.ActiveCfg = Release|Any CPU
		{9F162251-B3B3-4822-82B5-000F7F0E82BE}.AppStore|iPhone.Build.0 = Release|Any CPU
		{9F162251-B3B3-4822-82B5-000F7F0E82BE}.AppStore|iPhone.Deploy.0 = Release|Any CPU
		{9F162251-B3B3-4822-82B5-000F7F0E82BE}.AppStore|iPhoneSimulator.ActiveCfg = Release|Any CPU
		{9F162251-B3B3-4822-82B5-000F7F0E82BE}.AppStore|iPhoneSimulator.Build.0 = Release|Any CPU
		{9F162251-B3B3-4822-82B5-000F7F0E82BE}.AppStore|iPhoneSimulator.Deploy.0 = Release|Any CPU
		{9F162251-B3B3-4822-82B5-000F7F0E82BE}.AppStore|x64.ActiveCfg = Release|x64
		{9F162251-B3B3-4822-82B5-000F7F0E82BE}.AppStore|x64.Build.0 = Release|x64
		{9F162251-B3B3-4822-82B5-000F7F0E82BE}.AppStore|x64.Deploy.0 = Release|x64
		{9F162251-B3B3-4822-82B5-000F7F0E82BE}.AppStore|x86.ActiveCfg = Release|x86
		{9F162251-B3B3-4822-82B5-000F7F0E82BE}.AppStore|x86.Build.0 = Release|x86
		{9F162251-B3B3-4822-82B5-000F7F0E82BE}.AppStore|x86.Deploy.0 = Release|x86
		{9F162251-B3B3-4822-82B5-000F7F0E82BE}.Debug|Any CPU.ActiveCfg = Debug|Any CPU
		{9F162251-B3B3-4822-82B5-000F7F0E82BE}.Debug|Any CPU.Build.0 = Debug|Any CPU
		{9F162251-B3B3-4822-82B5-000F7F0E82BE}.Debug|Any CPU.Deploy.0 = Debug|Any CPU
		{9F162251-B3B3-4822-82B5-000F7F0E82BE}.Debug|ARM.ActiveCfg = Debug|ARM
		{9F162251-B3B3-4822-82B5-000F7F0E82BE}.Debug|ARM.Build.0 = Debug|ARM
		{9F162251-B3B3-4822-82B5-000F7F0E82BE}.Debug|ARM.Deploy.0 = Debug|ARM
		{9F162251-B3B3-4822-82B5-000F7F0E82BE}.Debug|iPhone.ActiveCfg = Debug|Any CPU
		{9F162251-B3B3-4822-82B5-000F7F0E82BE}.Debug|iPhone.Build.0 = Debug|Any CPU
		{9F162251-B3B3-4822-82B5-000F7F0E82BE}.Debug|iPhone.Deploy.0 = Debug|Any CPU
		{9F162251-B3B3-4822-82B5-000F7F0E82BE}.Debug|iPhoneSimulator.ActiveCfg = Debug|Any CPU
		{9F162251-B3B3-4822-82B5-000F7F0E82BE}.Debug|iPhoneSimulator.Build.0 = Debug|Any CPU
		{9F162251-B3B3-4822-82B5-000F7F0E82BE}.Debug|iPhoneSimulator.Deploy.0 = Debug|Any CPU
		{9F162251-B3B3-4822-82B5-000F7F0E82BE}.Debug|x64.ActiveCfg = Debug|x64
		{9F162251-B3B3-4822-82B5-000F7F0E82BE}.Debug|x64.Build.0 = Debug|x64
		{9F162251-B3B3-4822-82B5-000F7F0E82BE}.Debug|x64.Deploy.0 = Debug|x64
		{9F162251-B3B3-4822-82B5-000F7F0E82BE}.Debug|x86.ActiveCfg = Debug|x86
		{9F162251-B3B3-4822-82B5-000F7F0E82BE}.Debug|x86.Build.0 = Debug|x86
		{9F162251-B3B3-4822-82B5-000F7F0E82BE}.Debug|x86.Deploy.0 = Debug|x86
		{9F162251-B3B3-4822-82B5-000F7F0E82BE}.Release|Any CPU.ActiveCfg = Release|Any CPU
		{9F162251-B3B3-4822-82B5-000F7F0E82BE}.Release|Any CPU.Build.0 = Release|Any CPU
		{9F162251-B3B3-4822-82B5-000F7F0E82BE}.Release|Any CPU.Deploy.0 = Release|Any CPU
		{9F162251-B3B3-4822-82B5-000F7F0E82BE}.Release|ARM.ActiveCfg = Release|ARM
		{9F162251-B3B3-4822-82B5-000F7F0E82BE}.Release|ARM.Build.0 = Release|ARM
		{9F162251-B3B3-4822-82B5-000F7F0E82BE}.Release|ARM.Deploy.0 = Release|ARM
		{9F162251-B3B3-4822-82B5-000F7F0E82BE}.Release|iPhone.ActiveCfg = Release|Any CPU
		{9F162251-B3B3-4822-82B5-000F7F0E82BE}.Release|iPhone.Build.0 = Release|Any CPU
		{9F162251-B3B3-4822-82B5-000F7F0E82BE}.Release|iPhone.Deploy.0 = Release|Any CPU
		{9F162251-B3B3-4822-82B5-000F7F0E82BE}.Release|iPhoneSimulator.ActiveCfg = Release|Any CPU
		{9F162251-B3B3-4822-82B5-000F7F0E82BE}.Release|iPhoneSimulator.Build.0 = Release|Any CPU
		{9F162251-B3B3-4822-82B5-000F7F0E82BE}.Release|iPhoneSimulator.Deploy.0 = Release|Any CPU
		{9F162251-B3B3-4822-82B5-000F7F0E82BE}.Release|x64.ActiveCfg = Release|x64
		{9F162251-B3B3-4822-82B5-000F7F0E82BE}.Release|x64.Build.0 = Release|x64
		{9F162251-B3B3-4822-82B5-000F7F0E82BE}.Release|x64.Deploy.0 = Release|x64
		{9F162251-B3B3-4822-82B5-000F7F0E82BE}.Release|x86.ActiveCfg = Release|x86
		{9F162251-B3B3-4822-82B5-000F7F0E82BE}.Release|x86.Build.0 = Release|x86
		{9F162251-B3B3-4822-82B5-000F7F0E82BE}.Release|x86.Deploy.0 = Release|x86
		{88F83C85-505D-4F18-A6AE-695647678513}.Ad-Hoc|Any CPU.ActiveCfg = Release|Any CPU
		{88F83C85-505D-4F18-A6AE-695647678513}.Ad-Hoc|Any CPU.Build.0 = Release|Any CPU
		{88F83C85-505D-4F18-A6AE-695647678513}.Ad-Hoc|ARM.ActiveCfg = Release|Any CPU
		{88F83C85-505D-4F18-A6AE-695647678513}.Ad-Hoc|ARM.Build.0 = Release|Any CPU
		{88F83C85-505D-4F18-A6AE-695647678513}.Ad-Hoc|iPhone.ActiveCfg = Release|Any CPU
		{88F83C85-505D-4F18-A6AE-695647678513}.Ad-Hoc|iPhone.Build.0 = Release|Any CPU
		{88F83C85-505D-4F18-A6AE-695647678513}.Ad-Hoc|iPhoneSimulator.ActiveCfg = Release|Any CPU
		{88F83C85-505D-4F18-A6AE-695647678513}.Ad-Hoc|iPhoneSimulator.Build.0 = Release|Any CPU
		{88F83C85-505D-4F18-A6AE-695647678513}.Ad-Hoc|x64.ActiveCfg = Release|Any CPU
		{88F83C85-505D-4F18-A6AE-695647678513}.Ad-Hoc|x64.Build.0 = Release|Any CPU
		{88F83C85-505D-4F18-A6AE-695647678513}.Ad-Hoc|x86.ActiveCfg = Release|Any CPU
		{88F83C85-505D-4F18-A6AE-695647678513}.Ad-Hoc|x86.Build.0 = Release|Any CPU
		{88F83C85-505D-4F18-A6AE-695647678513}.AppStore|Any CPU.ActiveCfg = Release|Any CPU
		{88F83C85-505D-4F18-A6AE-695647678513}.AppStore|Any CPU.Build.0 = Release|Any CPU
		{88F83C85-505D-4F18-A6AE-695647678513}.AppStore|ARM.ActiveCfg = Release|Any CPU
		{88F83C85-505D-4F18-A6AE-695647678513}.AppStore|ARM.Build.0 = Release|Any CPU
		{88F83C85-505D-4F18-A6AE-695647678513}.AppStore|iPhone.ActiveCfg = Release|Any CPU
		{88F83C85-505D-4F18-A6AE-695647678513}.AppStore|iPhone.Build.0 = Release|Any CPU
		{88F83C85-505D-4F18-A6AE-695647678513}.AppStore|iPhoneSimulator.ActiveCfg = Release|Any CPU
		{88F83C85-505D-4F18-A6AE-695647678513}.AppStore|iPhoneSimulator.Build.0 = Release|Any CPU
		{88F83C85-505D-4F18-A6AE-695647678513}.AppStore|x64.ActiveCfg = Release|Any CPU
		{88F83C85-505D-4F18-A6AE-695647678513}.AppStore|x64.Build.0 = Release|Any CPU
		{88F83C85-505D-4F18-A6AE-695647678513}.AppStore|x86.ActiveCfg = Release|Any CPU
		{88F83C85-505D-4F18-A6AE-695647678513}.AppStore|x86.Build.0 = Release|Any CPU
		{88F83C85-505D-4F18-A6AE-695647678513}.Debug|Any CPU.ActiveCfg = Debug|Any CPU
		{88F83C85-505D-4F18-A6AE-695647678513}.Debug|Any CPU.Build.0 = Debug|Any CPU
		{88F83C85-505D-4F18-A6AE-695647678513}.Debug|ARM.ActiveCfg = Debug|Any CPU
		{88F83C85-505D-4F18-A6AE-695647678513}.Debug|ARM.Build.0 = Debug|Any CPU
		{88F83C85-505D-4F18-A6AE-695647678513}.Debug|iPhone.ActiveCfg = Debug|Any CPU
		{88F83C85-505D-4F18-A6AE-695647678513}.Debug|iPhone.Build.0 = Debug|Any CPU
		{88F83C85-505D-4F18-A6AE-695647678513}.Debug|iPhoneSimulator.ActiveCfg = Debug|Any CPU
		{88F83C85-505D-4F18-A6AE-695647678513}.Debug|iPhoneSimulator.Build.0 = Debug|Any CPU
		{88F83C85-505D-4F18-A6AE-695647678513}.Debug|x64.ActiveCfg = Debug|Any CPU
		{88F83C85-505D-4F18-A6AE-695647678513}.Debug|x64.Build.0 = Debug|Any CPU
		{88F83C85-505D-4F18-A6AE-695647678513}.Debug|x86.ActiveCfg = Debug|Any CPU
		{88F83C85-505D-4F18-A6AE-695647678513}.Debug|x86.Build.0 = Debug|Any CPU
		{88F83C85-505D-4F18-A6AE-695647678513}.Release|Any CPU.ActiveCfg = Release|Any CPU
		{88F83C85-505D-4F18-A6AE-695647678513}.Release|Any CPU.Build.0 = Release|Any CPU
		{88F83C85-505D-4F18-A6AE-695647678513}.Release|ARM.ActiveCfg = Release|Any CPU
		{88F83C85-505D-4F18-A6AE-695647678513}.Release|ARM.Build.0 = Release|Any CPU
		{88F83C85-505D-4F18-A6AE-695647678513}.Release|iPhone.ActiveCfg = Release|Any CPU
		{88F83C85-505D-4F18-A6AE-695647678513}.Release|iPhone.Build.0 = Release|Any CPU
		{88F83C85-505D-4F18-A6AE-695647678513}.Release|iPhoneSimulator.ActiveCfg = Release|Any CPU
		{88F83C85-505D-4F18-A6AE-695647678513}.Release|iPhoneSimulator.Build.0 = Release|Any CPU
		{88F83C85-505D-4F18-A6AE-695647678513}.Release|x64.ActiveCfg = Release|Any CPU
		{88F83C85-505D-4F18-A6AE-695647678513}.Release|x64.Build.0 = Release|Any CPU
		{88F83C85-505D-4F18-A6AE-695647678513}.Release|x86.ActiveCfg = Release|Any CPU
		{88F83C85-505D-4F18-A6AE-695647678513}.Release|x86.Build.0 = Release|Any CPU
	EndGlobalSection
	GlobalSection(SolutionProperties) = preSolution
		HideSolutionNode = FALSE
	EndGlobalSection
EndGlobal
